
Microsoft Visual Studio Solution File, Format Version 12.00
Project("{FAE04EC0-301F-11D3-BF4B-00C04F79EFBC}") = "Tyuiu.Valovma.Sprint0.Task1.V0", "Task1\Tyuiu.Valovma.Sprint0.Task1.V0\Tyuiu.Valovma.Sprint0.Task1.V0.csproj", "{24AEFD38-AF8A-4F00-B1A8-3831CF0F5845}"
EndProject
Project("{FAE04EC0-301F-11D3-BF4B-00C04F79EFBC}") = "Tyuiu.Valovma.Sprint0.Task2.V0", "Task2\Tyuiu.Valovma.Sprint0.Task2.V0\Tyuiu.Valovma.Sprint0.Task2.V0.csproj", "{9B53D508-0EE6-4342-BCA3-10DB0E35F35A}"
EndProject
Project("{FAE04EC0-301F-11D3-BF4B-00C04F79EFBC}") = "Tyuiu.Valovma.Sprint0.Task2.V0.lib", "Task2\Tyuiu.Valovma.Sprint0.Task2.V0.lib\Tyuiu.Valovma.Sprint0.Task2.V0.lib.csproj", "{6E39937A-89FD-4F53-969C-4FC2B160A20A}"
EndProject
Project("{FAE04EC0-301F-11D3-BF4B-00C04F79EFBC}") = "Tyuiu.Valovma.Sprint0.Task2.V0.Test", "Task2\Tyuiu.Valovma.Sprint0.Task2.V0.Test\Tyuiu.Valovma.Sprint0.Task2.V0.Test.csproj", "{214F0DE8-6545-45C9-84E3-2CE14C93A87E}"
EndProject
Project("{2150E333-8FDC-42A3-9474-1A3956D46DE8}") = "Task3", "Task3", "{9A5DFCDA-37A1-48F6-94A7-81121834CFF6}"
EndProject
Project("{2150E333-8FDC-42A3-9474-1A3956D46DE8}") = "Task0", "Task0", "{9E399DC1-270B-4131-9052-A3486E61F841}"
EndProject
Project("{2150E333-8FDC-42A3-9474-1A3956D46DE8}") = "Task1", "Task1", "{E47D2726-8CF0-47CD-8259-4594486AA1A6}"
EndProject
Project("{2150E333-8FDC-42A3-9474-1A3956D46DE8}") = "Task2", "Task2", "{EC649BAD-C9EA-4094-B067-74AFBF425F42}"
EndProject
Project("{FAE04EC0-301F-11D3-BF4B-00C04F79EFBC}") = "Tyuiu.Valovma.Sprint0.Task3.V0", "Tyuiu.Valovma.Sprint0.Task3.V0\Tyuiu.Valovma.Sprint0.Task3.V0.csproj", "{A26A59F8-1C86-40DE-A45A-F5118C974DCD}"
EndProject
Project("{FAE04EC0-301F-11D3-BF4B-00C04F79EFBC}") = "Tyuiu.Valovma.Sprint0.Task3.V0.Test", "Tyuiu.Valovma.Sprint0.Task3.V0.Test\Tyuiu.Valovma.Sprint0.Task3.V0.Test.csproj", "{C599BE0B-68CF-462B-8726-0017E22C3D57}"
EndProject
Project("{FAE04EC0-301F-11D3-BF4B-00C04F79EFBC}") = "Tyuiu.Valovma.Sprint0.Task3.V0.Lib", "Tyuiu.Valovma.Sprint0.Task3.V0.Lib\Tyuiu.Valovma.Sprint0.Task3.V0.Lib.csproj", "{E104C674-70D0-4242-A3F7-F408C43480FA}"
EndProject
Project("{2150E333-8FDC-42A3-9474-1A3956D46DE8}") = "Task4", "Task4", "{5D395B9E-6E3D-4013-9AAF-3D487CD94AE5}"
EndProject
Project("{FAE04EC0-301F-11D3-BF4B-00C04F79EFBC}") = "Tyuiu.Valovma.Sprint0.Task4.V0", "Tyuiu.Valovma.Sprint0.Task4.V0\Tyuiu.Valovma.Sprint0.Task4.V0.csproj", "{3F99963D-0040-42F3-A239-67C68FCE4EDF}"
EndProject
Project("{FAE04EC0-301F-11D3-BF4B-00C04F79EFBC}") = "Tyuiu.Valovma.Sprint0.Task4.V0.Lib", "Tyuiu.Valovma.Sprint0.Task4.V0.Lib\Tyuiu.Valovma.Sprint0.Task4.V0.Lib.csproj", "{F8F862EE-563F-46D4-B675-EF8447D33B25}"
EndProject
Project("{FAE04EC0-301F-11D3-BF4B-00C04F79EFBC}") = "Tyuiu.Valovma.Sprint0.Task4.V0.Test", "Tyuiu.Valovma.Sprint0.Task4.V0.Test\Tyuiu.Valovma.Sprint0.Task4.V0.Test.csproj", "{20FE5C8D-2C0E-4C1F-BB12-ACA3B002F689}"
EndProject
Project("{2150E333-8FDC-42A3-9474-1A3956D46DE8}") = "Task5", "Task5", "{D37CF940-EFC2-4B71-9E7E-70107D6C8EA7}"
EndProject
Project("{FAE04EC0-301F-11D3-BF4B-00C04F79EFBC}") = "Tyuiu.Valovma.Sprint0.Task5.V0", "Tyuiu.Valovma.Sprint0.Task5.V0\Tyuiu.Valovma.Sprint0.Task5.V0.csproj", "{C552BEDE-6364-4B15-9F37-9E37E295B5AE}"
EndProject
Project("{FAE04EC0-301F-11D3-BF4B-00C04F79EFBC}") = "Tyuiu.Valovma.Sprint0.Task5.V0.Lib", "Tyuiu.Valovma.Sprint0.Task5.V0.Lib\Tyuiu.Valovma.Sprint0.Task5.V0.Lib.csproj", "{79E29CF2-9EEA-4D61-AD23-84775333B8D1}"
EndProject
Project("{FAE04EC0-301F-11D3-BF4B-00C04F79EFBC}") = "Tyuiu.Valovma.Sprint0.Task5.V0.Test", "Tyuiu.Valovma.Sprint0.Task5.V0.Test\Tyuiu.Valovma.Sprint0.Task5.V0.Test.csproj", "{74B11F61-015E-409C-A29B-336C85675B6E}"
EndProject
Global
	GlobalSection(SolutionConfigurationPlatforms) = preSolution
		Debug|Any CPU = Debug|Any CPU
		Release|Any CPU = Release|Any CPU
	EndGlobalSection
	GlobalSection(ProjectConfigurationPlatforms) = postSolution
		{24AEFD38-AF8A-4F00-B1A8-3831CF0F5845}.Debug|Any CPU.ActiveCfg = Debug|Any CPU
		{24AEFD38-AF8A-4F00-B1A8-3831CF0F5845}.Debug|Any CPU.Build.0 = Debug|Any CPU
		{24AEFD38-AF8A-4F00-B1A8-3831CF0F5845}.Release|Any CPU.ActiveCfg = Release|Any CPU
		{24AEFD38-AF8A-4F00-B1A8-3831CF0F5845}.Release|Any CPU.Build.0 = Release|Any CPU
		{9B53D508-0EE6-4342-BCA3-10DB0E35F35A}.Debug|Any CPU.ActiveCfg = Debug|Any CPU
		{9B53D508-0EE6-4342-BCA3-10DB0E35F35A}.Debug|Any CPU.Build.0 = Debug|Any CPU
		{9B53D508-0EE6-4342-BCA3-10DB0E35F35A}.Release|Any CPU.ActiveCfg = Release|Any CPU
		{9B53D508-0EE6-4342-BCA3-10DB0E35F35A}.Release|Any CPU.Build.0 = Release|Any CPU
		{6E39937A-89FD-4F53-969C-4FC2B160A20A}.Debug|Any CPU.ActiveCfg = Debug|Any CPU
		{6E39937A-89FD-4F53-969C-4FC2B160A20A}.Debug|Any CPU.Build.0 = Debug|Any CPU
		{6E39937A-89FD-4F53-969C-4FC2B160A20A}.Release|Any CPU.ActiveCfg = Release|Any CPU
		{6E39937A-89FD-4F53-969C-4FC2B160A20A}.Release|Any CPU.Build.0 = Release|Any CPU
		{214F0DE8-6545-45C9-84E3-2CE14C93A87E}.Debug|Any CPU.ActiveCfg = Debug|Any CPU
		{214F0DE8-6545-45C9-84E3-2CE14C93A87E}.Debug|Any CPU.Build.0 = Debug|Any CPU
		{214F0DE8-6545-45C9-84E3-2CE14C93A87E}.Release|Any CPU.ActiveCfg = Release|Any CPU
		{214F0DE8-6545-45C9-84E3-2CE14C93A87E}.Release|Any CPU.Build.0 = Release|Any CPU
		{A26A59F8-1C86-40DE-A45A-F5118C974DCD}.Debug|Any CPU.ActiveCfg = Debug|Any CPU
		{A26A59F8-1C86-40DE-A45A-F5118C974DCD}.Debug|Any CPU.Build.0 = Debug|Any CPU
		{A26A59F8-1C86-40DE-A45A-F5118C974DCD}.Release|Any CPU.ActiveCfg = Release|Any CPU
		{A26A59F8-1C86-40DE-A45A-F5118C974DCD}.Release|Any CPU.Build.0 = Release|Any CPU
		{C599BE0B-68CF-462B-8726-0017E22C3D57}.Debug|Any CPU.ActiveCfg = Debug|Any CPU
		{C599BE0B-68CF-462B-8726-0017E22C3D57}.Debug|Any CPU.Build.0 = Debug|Any CPU
		{C599BE0B-68CF-462B-8726-0017E22C3D57}.Release|Any CPU.ActiveCfg = Release|Any CPU
		{C599BE0B-68CF-462B-8726-0017E22C3D57}.Release|Any CPU.Build.0 = Release|Any CPU
		{E104C674-70D0-4242-A3F7-F408C43480FA}.Debug|Any CPU.ActiveCfg = Debug|Any CPU
		{E104C674-70D0-4242-A3F7-F408C43480FA}.Debug|Any CPU.Build.0 = Debug|Any CPU
		{E104C674-70D0-4242-A3F7-F408C43480FA}.Release|Any CPU.ActiveCfg = Release|Any CPU
		{E104C674-70D0-4242-A3F7-F408C43480FA}.Release|Any CPU.Build.0 = Release|Any CPU
		{3F99963D-0040-42F3-A239-67C68FCE4EDF}.Debug|Any CPU.ActiveCfg = Debug|Any CPU
		{3F99963D-0040-42F3-A239-67C68FCE4EDF}.Debug|Any CPU.Build.0 = Debug|Any CPU
		{3F99963D-0040-42F3-A239-67C68FCE4EDF}.Release|Any CPU.ActiveCfg = Release|Any CPU
		{3F99963D-0040-42F3-A239-67C68FCE4EDF}.Release|Any CPU.Build.0 = Release|Any CPU
		{F8F862EE-563F-46D4-B675-EF8447D33B25}.Debug|Any CPU.ActiveCfg = Debug|Any CPU
		{F8F862EE-563F-46D4-B675-EF8447D33B25}.Debug|Any CPU.Build.0 = Debug|Any CPU
		{F8F862EE-563F-46D4-B675-EF8447D33B25}.Release|Any CPU.ActiveCfg = Release|Any CPU
		{F8F862EE-563F-46D4-B675-EF8447D33B25}.Release|Any CPU.Build.0 = Release|Any CPU
		{20FE5C8D-2C0E-4C1F-BB12-ACA3B002F689}.Debug|Any CPU.ActiveCfg = Debug|Any CPU
		{20FE5C8D-2C0E-4C1F-BB12-ACA3B002F689}.Debug|Any CPU.Build.0 = Debug|Any CPU
		{20FE5C8D-2C0E-4C1F-BB12-ACA3B002F689}.Release|Any CPU.ActiveCfg = Release|Any CPU
		{20FE5C8D-2C0E-4C1F-BB12-ACA3B002F689}.Release|Any CPU.Build.0 = Release|Any CPU
		{C552BEDE-6364-4B15-9F37-9E37E295B5AE}.Debug|Any CPU.ActiveCfg = Debug|Any CPU
		{C552BEDE-6364-4B15-9F37-9E37E295B5AE}.Debug|Any CPU.Build.0 = Debug|Any CPU
		{C552BEDE-6364-4B15-9F37-9E37E295B5AE}.Release|Any CPU.ActiveCfg = Release|Any CPU
		{C552BEDE-6364-4B15-9F37-9E37E295B5AE}.Release|Any CPU.Build.0 = Release|Any CPU
		{79E29CF2-9EEA-4D61-AD23-84775333B8D1}.Debug|Any CPU.ActiveCfg = Debug|Any CPU
		{79E29CF2-9EEA-4D61-AD23-84775333B8D1}.Debug|Any CPU.Build.0 = Debug|Any CPU
		{79E29CF2-9EEA-4D61-AD23-84775333B8D1}.Release|Any CPU.ActiveCfg = Release|Any CPU
		{79E29CF2-9EEA-4D61-AD23-84775333B8D1}.Release|Any CPU.Build.0 = Release|Any CPU
		{74B11F61-015E-409C-A29B-336C85675B6E}.Debug|Any CPU.ActiveCfg = Debug|Any CPU
		{74B11F61-015E-409C-A29B-336C85675B6E}.Debug|Any CPU.Build.0 = Debug|Any CPU
		{74B11F61-015E-409C-A29B-336C85675B6E}.Release|Any CPU.ActiveCfg = Release|Any CPU
		{74B11F61-015E-409C-A29B-336C85675B6E}.Release|Any CPU.Build.0 = Release|Any CPU
	EndGlobalSection
	GlobalSection(NestedProjects) = preSolution
		{9B53D508-0EE6-4342-BCA3-10DB0E35F35A} = {EC649BAD-C9EA-4094-B067-74AFBF425F42}
		{6E39937A-89FD-4F53-969C-4FC2B160A20A} = {EC649BAD-C9EA-4094-B067-74AFBF425F42}
		{214F0DE8-6545-45C9-84E3-2CE14C93A87E} = {EC649BAD-C9EA-4094-B067-74AFBF425F42}
		{24AEFD38-AF8A-4F00-B1A8-3831CF0F5845} = {E47D2726-8CF0-47CD-8259-4594486AA1A6}
		{A26A59F8-1C86-40DE-A45A-F5118C974DCD} = {9A5DFCDA-37A1-48F6-94A7-81121834CFF6}
		{C599BE0B-68CF-462B-8726-0017E22C3D57} = {9A5DFCDA-37A1-48F6-94A7-81121834CFF6}
		{E104C674-70D0-4242-A3F7-F408C43480FA} = {9A5DFCDA-37A1-48F6-94A7-81121834CFF6}
		{3F99963D-0040-42F3-A239-67C68FCE4EDF} = {5D395B9E-6E3D-4013-9AAF-3D487CD94AE5}
		{F8F862EE-563F-46D4-B675-EF8447D33B25} = {5D395B9E-6E3D-4013-9AAF-3D487CD94AE5}
		{20FE5C8D-2C0E-4C1F-BB12-ACA3B002F689} = {5D395B9E-6E3D-4013-9AAF-3D487CD94AE5}
		{C552BEDE-6364-4B15-9F37-9E37E295B5AE} = {D37CF940-EFC2-4B71-9E7E-70107D6C8EA7}
		{79E29CF2-9EEA-4D61-AD23-84775333B8D1} = {D37CF940-EFC2-4B71-9E7E-70107D6C8EA7}
		{74B11F61-015E-409C-A29B-336C85675B6E} = {D37CF940-EFC2-4B71-9E7E-70107D6C8EA7}
	EndGlobalSection
EndGlobal
